
Microsoft Visual Studio Solution File, Format Version 12.00
# Visual Studio Version 17
VisualStudioVersion = 17.10.34928.147
MinimumVisualStudioVersion = 10.0.40219.1
Project("{FAE04EC0-301F-11D3-BF4B-00C04F79EFBC}") = "MongoDbSample", "MongoDbSample\MongoDbSample.csproj", "{FB5CC3C2-4824-403E-A840-B08DF698461A}"
EndProject
Global
	GlobalSection(SolutionConfigurationPlatforms) = preSolution
		Debug|Any CPU = Debug|Any CPU
		Release|Any CPU = Release|Any CPU
	EndGlobalSection
	GlobalSection(ProjectConfigurationPlatforms) = postSolution
		{FB5CC3C2-4824-403E-A840-B08DF698461A}.Debug|Any CPU.ActiveCfg = Debug|Any CPU
		{FB5CC3C2-4824-403E-A840-B08DF698461A}.Debug|Any CPU.Build.0 = Debug|Any CPU
		{FB5CC3C2-4824-403E-A840-B08DF698461A}.Release|Any CPU.ActiveCfg = Release|Any CPU
		{FB5CC3C2-4824-403E-A840-B08DF698461A}.Release|Any CPU.Build.0 = Release|Any CPU
	EndGlobalSection
	GlobalSection(SolutionProperties) = preSolution
		HideSolutionNode = FALSE
	EndGlobalSection
	GlobalSection(ExtensibilityGlobals) = postSolution
		SolutionGuid = {B391B076-3EF9-42CA-808E-45E10AEC2C7C}
	EndGlobalSection
EndGlobal
