
Microsoft Visual Studio Solution File, Format Version 12.00
# Visual Studio Version 17
VisualStudioVersion = 17.10.35027.167
MinimumVisualStudioVersion = 10.0.40219.1
Project("{9A19103F-16F7-4668-BE54-9A1E7A4F7556}") = "CleanArch.Domain", "CleanArch.Domain\CleanArch.Domain.csproj", "{01563A19-1373-4D53-B52C-B350603319BE}"
EndProject
Project("{9A19103F-16F7-4668-BE54-9A1E7A4F7556}") = "CleanArch.Application", "CleanArch.Application\CleanArch.Application.csproj", "{E465DF3F-2D85-4A0B-8117-4A5D099B0280}"
EndProject
Project("{9A19103F-16F7-4668-BE54-9A1E7A4F7556}") = "CleanArch.Infrastructure", "CleanArch.Infrastructure\CleanArch.Infrastructure.csproj", "{B8C1BCCA-5F86-48E1-882B-60EA3181E734}"
EndProject
Project("{9A19103F-16F7-4668-BE54-9A1E7A4F7556}") = "CleanArch.Contract", "CleanArch.Contract\CleanArch.Contract.csproj", "{9E01E755-230A-49F8-A65C-B5502D73EAEA}"
EndProject
Project("{FAE04EC0-301F-11D3-BF4B-00C04F79EFBC}") = "WebApplication1", "WebApplication1\WebApplication1.csproj", "{4FF0275A-BCFB-4D60-B5CF-556C05853458}"
EndProject
Project("{2150E333-8FDC-42A3-9474-1A3956D46DE8}") = "EndPoint", "EndPoint", "{D925D520-07B6-4B0F-B6A1-96FA03D71319}"
EndProject
Project("{FAE04EC0-301F-11D3-BF4B-00C04F79EFBC}") = "CleanArch.Config", "CleanArch.Config\CleanArch.Config.csproj", "{6CD3D377-3A75-494C-83EB-E3C1F79DE573}"
EndProject
Global
	GlobalSection(SolutionConfigurationPlatforms) = preSolution
		Debug|Any CPU = Debug|Any CPU
		Release|Any CPU = Release|Any CPU
	EndGlobalSection
	GlobalSection(ProjectConfigurationPlatforms) = postSolution
		{01563A19-1373-4D53-B52C-B350603319BE}.Debug|Any CPU.ActiveCfg = Debug|Any CPU
		{01563A19-1373-4D53-B52C-B350603319BE}.Debug|Any CPU.Build.0 = Debug|Any CPU
		{01563A19-1373-4D53-B52C-B350603319BE}.Release|Any CPU.ActiveCfg = Release|Any CPU
		{01563A19-1373-4D53-B52C-B350603319BE}.Release|Any CPU.Build.0 = Release|Any CPU
		{E465DF3F-2D85-4A0B-8117-4A5D099B0280}.Debug|Any CPU.ActiveCfg = Debug|Any CPU
		{E465DF3F-2D85-4A0B-8117-4A5D099B0280}.Debug|Any CPU.Build.0 = Debug|Any CPU
		{E465DF3F-2D85-4A0B-8117-4A5D099B0280}.Release|Any CPU.ActiveCfg = Release|Any CPU
		{E465DF3F-2D85-4A0B-8117-4A5D099B0280}.Release|Any CPU.Build.0 = Release|Any CPU
		{B8C1BCCA-5F86-48E1-882B-60EA3181E734}.Debug|Any CPU.ActiveCfg = Debug|Any CPU
		{B8C1BCCA-5F86-48E1-882B-60EA3181E734}.Debug|Any CPU.Build.0 = Debug|Any CPU
		{B8C1BCCA-5F86-48E1-882B-60EA3181E734}.Release|Any CPU.ActiveCfg = Release|Any CPU
		{B8C1BCCA-5F86-48E1-882B-60EA3181E734}.Release|Any CPU.Build.0 = Release|Any CPU
		{9E01E755-230A-49F8-A65C-B5502D73EAEA}.Debug|Any CPU.ActiveCfg = Debug|Any CPU
		{9E01E755-230A-49F8-A65C-B5502D73EAEA}.Debug|Any CPU.Build.0 = Debug|Any CPU
		{9E01E755-230A-49F8-A65C-B5502D73EAEA}.Release|Any CPU.ActiveCfg = Release|Any CPU
		{9E01E755-230A-49F8-A65C-B5502D73EAEA}.Release|Any CPU.Build.0 = Release|Any CPU
		{4FF0275A-BCFB-4D60-B5CF-556C05853458}.Debug|Any CPU.ActiveCfg = Debug|Any CPU
		{4FF0275A-BCFB-4D60-B5CF-556C05853458}.Debug|Any CPU.Build.0 = Debug|Any CPU
		{4FF0275A-BCFB-4D60-B5CF-556C05853458}.Release|Any CPU.ActiveCfg = Release|Any CPU
		{4FF0275A-BCFB-4D60-B5CF-556C05853458}.Release|Any CPU.Build.0 = Release|Any CPU
		{6CD3D377-3A75-494C-83EB-E3C1F79DE573}.Debug|Any CPU.ActiveCfg = Debug|Any CPU
		{6CD3D377-3A75-494C-83EB-E3C1F79DE573}.Debug|Any CPU.Build.0 = Debug|Any CPU
		{6CD3D377-3A75-494C-83EB-E3C1F79DE573}.Release|Any CPU.ActiveCfg = Release|Any CPU
		{6CD3D377-3A75-494C-83EB-E3C1F79DE573}.Release|Any CPU.Build.0 = Release|Any CPU
	EndGlobalSection
	GlobalSection(SolutionProperties) = preSolution
		HideSolutionNode = FALSE
	EndGlobalSection
	GlobalSection(NestedProjects) = preSolution
		{4FF0275A-BCFB-4D60-B5CF-556C05853458} = {D925D520-07B6-4B0F-B6A1-96FA03D71319}
	EndGlobalSection
	GlobalSection(ExtensibilityGlobals) = postSolution
		SolutionGuid = {171D8AD6-3855-4FAE-8931-305059EF6CE8}
	EndGlobalSection
EndGlobal
