
Microsoft Visual Studio Solution File, Format Version 12.00
# Visual Studio Version 17
VisualStudioVersion = 17.10.35027.167
MinimumVisualStudioVersion = 10.0.40219.1
Project("{FAE04EC0-301F-11D3-BF4B-00C04F79EFBC}") = "Jwt.Sample.Api", "Jwt.Sample.Api\Jwt.Sample.Api.csproj", "{060701AA-F224-4ACD-B768-1B3569D02111}"
EndProject
Global
	GlobalSection(SolutionConfigurationPlatforms) = preSolution
		Debug|Any CPU = Debug|Any CPU
		Release|Any CPU = Release|Any CPU
	EndGlobalSection
	GlobalSection(ProjectConfigurationPlatforms) = postSolution
		{060701AA-F224-4ACD-B768-1B3569D02111}.Debug|Any CPU.ActiveCfg = Debug|Any CPU
		{060701AA-F224-4ACD-B768-1B3569D02111}.Debug|Any CPU.Build.0 = Debug|Any CPU
		{060701AA-F224-4ACD-B768-1B3569D02111}.Release|Any CPU.ActiveCfg = Release|Any CPU
		{060701AA-F224-4ACD-B768-1B3569D02111}.Release|Any CPU.Build.0 = Release|Any CPU
	EndGlobalSection
	GlobalSection(SolutionProperties) = preSolution
		HideSolutionNode = FALSE
	EndGlobalSection
	GlobalSection(ExtensibilityGlobals) = postSolution
		SolutionGuid = {99783132-DCED-41AA-AD98-E1E8C48D421B}
	EndGlobalSection
EndGlobal
