
Microsoft Visual Studio Solution File, Format Version 12.00
# Visual Studio Version 17
VisualStudioVersion = 17.10.34928.147
MinimumVisualStudioVersion = 10.0.40219.1
Project("{2150E333-8FDC-42A3-9474-1A3956D46DE8}") = "Src", "Src", "{DB6AD7DE-1858-44D4-9F8C-89A93D9F8C29}"
EndProject
Project("{2150E333-8FDC-42A3-9474-1A3956D46DE8}") = "Services", "Services", "{5AFA2885-67D1-40B9-AA8E-F7B84B6E1A02}"
EndProject
Project("{2150E333-8FDC-42A3-9474-1A3956D46DE8}") = "IDPService", "IDPService", "{5A915092-B6F0-4DEC-997F-D3255291BF6B}"
EndProject
Project("{9A19103F-16F7-4668-BE54-9A1E7A4F7556}") = "IDP.Api", "Src\Services\IDPService\IDP.Api\IDP.Api.csproj", "{F7CCB130-6B30-4C54-9779-625AF81F9049}"
EndProject
Project("{9A19103F-16F7-4668-BE54-9A1E7A4F7556}") = "IDP.Application", "Src\Service\IDPService\IDP.Application\IDP.Application.csproj", "{77B4C112-F81B-44B3-8792-BAC0D1BD4C03}"
EndProject
Project("{9A19103F-16F7-4668-BE54-9A1E7A4F7556}") = "IDP.Domain", "Src\Service\IDPService\IDP.Domain\IDP.Domain.csproj", "{4012DA09-1034-425D-BF25-6851B3D54E0C}"
EndProject
Project("{9A19103F-16F7-4668-BE54-9A1E7A4F7556}") = "IDP.Infra", "Src\Service\IDPService\IDP.Infra\IDP.Infra.csproj", "{AB917A6A-FACD-4F19-BA58-C7B5E596593F}"
EndProject
Project("{9A19103F-16F7-4668-BE54-9A1E7A4F7556}") = "IDP.Ioc", "Src\Service\IDPService\IDP.Ioc\IDP.Ioc.csproj", "{0D367B7A-FCA7-4250-AFCE-A478E03A4C5A}"
EndProject
Project("{2150E333-8FDC-42A3-9474-1A3956D46DE8}") = "Common", "Common", "{31461890-6E08-4872-9738-6CF94CB01C24}"
EndProject
Project("{2150E333-8FDC-42A3-9474-1A3956D46DE8}") = "BascketService", "BascketService", "{A882C5FD-57AC-489E-8F16-B9CAFFD5B8A2}"
EndProject
Project("{2150E333-8FDC-42A3-9474-1A3956D46DE8}") = "CatalogService", "CatalogService", "{1AF00CE7-80EA-4771-BD44-9E282F0FDECA}"
EndProject
Project("{2150E333-8FDC-42A3-9474-1A3956D46DE8}") = "SearchService", "SearchService", "{CB47234D-8036-46BF-9995-20D23B7C658F}"
EndProject
Project("{2150E333-8FDC-42A3-9474-1A3956D46DE8}") = "OrderService", "OrderService", "{C9666FB8-9823-4397-84EF-C5C7ED5E6A35}"
EndProject
Project("{2150E333-8FDC-42A3-9474-1A3956D46DE8}") = "ReportService", "ReportService", "{8338018C-0180-4467-BD51-5CFBE77FDB80}"
EndProject
Project("{2150E333-8FDC-42A3-9474-1A3956D46DE8}") = "ApiGetway", "ApiGetway", "{4980D894-8D16-4403-95B2-2BC5FC1CA7C0}"
EndProject
Project("{9A19103F-16F7-4668-BE54-9A1E7A4F7556}") = "Auth", "Src\Common\Auth\Auth.csproj", "{07830F4A-057A-4E5C-994C-EA5EF819B501}"
EndProject
Project("{2150E333-8FDC-42A3-9474-1A3956D46DE8}") = "IBus", "IBus", "{5E3BABD2-5F80-4D44-BEC1-F528342011C4}"
EndProject
Project("{9A19103F-16F7-4668-BE54-9A1E7A4F7556}") = "EventMessages", "EventMessages\EventMessages.csproj", "{53F970C1-BBFC-4F15-AF86-56B085B948FF}"
EndProject
Project("{2150E333-8FDC-42A3-9474-1A3956D46DE8}") = "NotificationService", "NotificationService", "{0B86F221-DC55-4A1B-990D-DE923DD4DA2A}"
EndProject
Project("{9A19103F-16F7-4668-BE54-9A1E7A4F7556}") = "NotificationService", "NotificationService\NotificationService.csproj", "{504A0D6B-5602-4FF1-98E5-AF394FD9DC82}"
EndProject
Project("{FAE04EC0-301F-11D3-BF4B-00C04F79EFBC}") = "Order.Service", "Order.Service\Order.Service.csproj", "{76D0C15E-2DA8-4B3C-96FC-1716315A7589}"
EndProject
Global
	GlobalSection(SolutionConfigurationPlatforms) = preSolution
		Debug|Any CPU = Debug|Any CPU
		Release|Any CPU = Release|Any CPU
	EndGlobalSection
	GlobalSection(ProjectConfigurationPlatforms) = postSolution
		{F7CCB130-6B30-4C54-9779-625AF81F9049}.Debug|Any CPU.ActiveCfg = Debug|Any CPU
		{F7CCB130-6B30-4C54-9779-625AF81F9049}.Debug|Any CPU.Build.0 = Debug|Any CPU
		{F7CCB130-6B30-4C54-9779-625AF81F9049}.Release|Any CPU.ActiveCfg = Release|Any CPU
		{F7CCB130-6B30-4C54-9779-625AF81F9049}.Release|Any CPU.Build.0 = Release|Any CPU
		{77B4C112-F81B-44B3-8792-BAC0D1BD4C03}.Debug|Any CPU.ActiveCfg = Debug|Any CPU
		{77B4C112-F81B-44B3-8792-BAC0D1BD4C03}.Debug|Any CPU.Build.0 = Debug|Any CPU
		{77B4C112-F81B-44B3-8792-BAC0D1BD4C03}.Release|Any CPU.ActiveCfg = Release|Any CPU
		{77B4C112-F81B-44B3-8792-BAC0D1BD4C03}.Release|Any CPU.Build.0 = Release|Any CPU
		{4012DA09-1034-425D-BF25-6851B3D54E0C}.Debug|Any CPU.ActiveCfg = Debug|Any CPU
		{4012DA09-1034-425D-BF25-6851B3D54E0C}.Debug|Any CPU.Build.0 = Debug|Any CPU
		{4012DA09-1034-425D-BF25-6851B3D54E0C}.Release|Any CPU.ActiveCfg = Release|Any CPU
		{4012DA09-1034-425D-BF25-6851B3D54E0C}.Release|Any CPU.Build.0 = Release|Any CPU
		{AB917A6A-FACD-4F19-BA58-C7B5E596593F}.Debug|Any CPU.ActiveCfg = Debug|Any CPU
		{AB917A6A-FACD-4F19-BA58-C7B5E596593F}.Debug|Any CPU.Build.0 = Debug|Any CPU
		{AB917A6A-FACD-4F19-BA58-C7B5E596593F}.Release|Any CPU.ActiveCfg = Release|Any CPU
		{AB917A6A-FACD-4F19-BA58-C7B5E596593F}.Release|Any CPU.Build.0 = Release|Any CPU
		{0D367B7A-FCA7-4250-AFCE-A478E03A4C5A}.Debug|Any CPU.ActiveCfg = Debug|Any CPU
		{0D367B7A-FCA7-4250-AFCE-A478E03A4C5A}.Debug|Any CPU.Build.0 = Debug|Any CPU
		{0D367B7A-FCA7-4250-AFCE-A478E03A4C5A}.Release|Any CPU.ActiveCfg = Release|Any CPU
		{0D367B7A-FCA7-4250-AFCE-A478E03A4C5A}.Release|Any CPU.Build.0 = Release|Any CPU
		{07830F4A-057A-4E5C-994C-EA5EF819B501}.Debug|Any CPU.ActiveCfg = Debug|Any CPU
		{07830F4A-057A-4E5C-994C-EA5EF819B501}.Debug|Any CPU.Build.0 = Debug|Any CPU
		{07830F4A-057A-4E5C-994C-EA5EF819B501}.Release|Any CPU.ActiveCfg = Release|Any CPU
		{07830F4A-057A-4E5C-994C-EA5EF819B501}.Release|Any CPU.Build.0 = Release|Any CPU
		{53F970C1-BBFC-4F15-AF86-56B085B948FF}.Debug|Any CPU.ActiveCfg = Debug|Any CPU
		{53F970C1-BBFC-4F15-AF86-56B085B948FF}.Debug|Any CPU.Build.0 = Debug|Any CPU
		{53F970C1-BBFC-4F15-AF86-56B085B948FF}.Release|Any CPU.ActiveCfg = Release|Any CPU
		{53F970C1-BBFC-4F15-AF86-56B085B948FF}.Release|Any CPU.Build.0 = Release|Any CPU
		{504A0D6B-5602-4FF1-98E5-AF394FD9DC82}.Debug|Any CPU.ActiveCfg = Debug|Any CPU
		{504A0D6B-5602-4FF1-98E5-AF394FD9DC82}.Debug|Any CPU.Build.0 = Debug|Any CPU
		{504A0D6B-5602-4FF1-98E5-AF394FD9DC82}.Release|Any CPU.ActiveCfg = Release|Any CPU
		{504A0D6B-5602-4FF1-98E5-AF394FD9DC82}.Release|Any CPU.Build.0 = Release|Any CPU
		{76D0C15E-2DA8-4B3C-96FC-1716315A7589}.Debug|Any CPU.ActiveCfg = Debug|Any CPU
		{76D0C15E-2DA8-4B3C-96FC-1716315A7589}.Debug|Any CPU.Build.0 = Debug|Any CPU
		{76D0C15E-2DA8-4B3C-96FC-1716315A7589}.Release|Any CPU.ActiveCfg = Release|Any CPU
		{76D0C15E-2DA8-4B3C-96FC-1716315A7589}.Release|Any CPU.Build.0 = Release|Any CPU
	EndGlobalSection
	GlobalSection(SolutionProperties) = preSolution
		HideSolutionNode = FALSE
	EndGlobalSection
	GlobalSection(NestedProjects) = preSolution
		{5AFA2885-67D1-40B9-AA8E-F7B84B6E1A02} = {DB6AD7DE-1858-44D4-9F8C-89A93D9F8C29}
		{5A915092-B6F0-4DEC-997F-D3255291BF6B} = {5AFA2885-67D1-40B9-AA8E-F7B84B6E1A02}
		{F7CCB130-6B30-4C54-9779-625AF81F9049} = {5A915092-B6F0-4DEC-997F-D3255291BF6B}
		{77B4C112-F81B-44B3-8792-BAC0D1BD4C03} = {5A915092-B6F0-4DEC-997F-D3255291BF6B}
		{4012DA09-1034-425D-BF25-6851B3D54E0C} = {5A915092-B6F0-4DEC-997F-D3255291BF6B}
		{AB917A6A-FACD-4F19-BA58-C7B5E596593F} = {5A915092-B6F0-4DEC-997F-D3255291BF6B}
		{0D367B7A-FCA7-4250-AFCE-A478E03A4C5A} = {5A915092-B6F0-4DEC-997F-D3255291BF6B}
		{31461890-6E08-4872-9738-6CF94CB01C24} = {DB6AD7DE-1858-44D4-9F8C-89A93D9F8C29}
		{A882C5FD-57AC-489E-8F16-B9CAFFD5B8A2} = {5AFA2885-67D1-40B9-AA8E-F7B84B6E1A02}
		{1AF00CE7-80EA-4771-BD44-9E282F0FDECA} = {5AFA2885-67D1-40B9-AA8E-F7B84B6E1A02}
		{CB47234D-8036-46BF-9995-20D23B7C658F} = {5AFA2885-67D1-40B9-AA8E-F7B84B6E1A02}
		{C9666FB8-9823-4397-84EF-C5C7ED5E6A35} = {5AFA2885-67D1-40B9-AA8E-F7B84B6E1A02}
		{8338018C-0180-4467-BD51-5CFBE77FDB80} = {5AFA2885-67D1-40B9-AA8E-F7B84B6E1A02}
		{4980D894-8D16-4403-95B2-2BC5FC1CA7C0} = {5AFA2885-67D1-40B9-AA8E-F7B84B6E1A02}
		{07830F4A-057A-4E5C-994C-EA5EF819B501} = {31461890-6E08-4872-9738-6CF94CB01C24}
		{5E3BABD2-5F80-4D44-BEC1-F528342011C4} = {5AFA2885-67D1-40B9-AA8E-F7B84B6E1A02}
		{53F970C1-BBFC-4F15-AF86-56B085B948FF} = {5E3BABD2-5F80-4D44-BEC1-F528342011C4}
		{0B86F221-DC55-4A1B-990D-DE923DD4DA2A} = {5AFA2885-67D1-40B9-AA8E-F7B84B6E1A02}
		{504A0D6B-5602-4FF1-98E5-AF394FD9DC82} = {0B86F221-DC55-4A1B-990D-DE923DD4DA2A}
		{76D0C15E-2DA8-4B3C-96FC-1716315A7589} = {C9666FB8-9823-4397-84EF-C5C7ED5E6A35}
	EndGlobalSection
	GlobalSection(ExtensibilityGlobals) = postSolution
		SolutionGuid = {FE1851CE-9E0D-4C3C-AAB6-5199EF27F7B1}
	EndGlobalSection
EndGlobal
